
Microsoft Visual Studio Solution File, Format Version 12.00
# Visual Studio Version 16
VisualStudioVersion = 16.0.30804.86
MinimumVisualStudioVersion = 10.0.40219.1
Project("{9A19103F-16F7-4668-BE54-9A1E7A4F7556}") = "YuckQi.Domain", "src\YuckQi.Domain\YuckQi.Domain.csproj", "{D1B3FB54-0212-41AE-AB29-30AD97269375}"
EndProject
Project("{FAE04EC0-301F-11D3-BF4B-00C04F79EFBC}") = "YuckQi.Domain.Validation", "src\YuckQi.Domain.Validation\YuckQi.Domain.Validation.csproj", "{A620A320-F2E9-43A7-858C-9BAF1D76CD8E}"
EndProject
Global
	GlobalSection(SolutionConfigurationPlatforms) = preSolution
		Debug|Any CPU = Debug|Any CPU
		Release|Any CPU = Release|Any CPU
	EndGlobalSection
	GlobalSection(ProjectConfigurationPlatforms) = postSolution
		{D1B3FB54-0212-41AE-AB29-30AD97269375}.Debug|Any CPU.ActiveCfg = Debug|Any CPU
		{D1B3FB54-0212-41AE-AB29-30AD97269375}.Debug|Any CPU.Build.0 = Debug|Any CPU
		{D1B3FB54-0212-41AE-AB29-30AD97269375}.Release|Any CPU.ActiveCfg = Release|Any CPU
		{D1B3FB54-0212-41AE-AB29-30AD97269375}.Release|Any CPU.Build.0 = Release|Any CPU
		{A620A320-F2E9-43A7-858C-9BAF1D76CD8E}.Debug|Any CPU.ActiveCfg = Debug|Any CPU
		{A620A320-F2E9-43A7-858C-9BAF1D76CD8E}.Debug|Any CPU.Build.0 = Debug|Any CPU
		{A620A320-F2E9-43A7-858C-9BAF1D76CD8E}.Release|Any CPU.ActiveCfg = Release|Any CPU
		{A620A320-F2E9-43A7-858C-9BAF1D76CD8E}.Release|Any CPU.Build.0 = Release|Any CPU
	EndGlobalSection
	GlobalSection(SolutionProperties) = preSolution
		HideSolutionNode = FALSE
	EndGlobalSection
	GlobalSection(ExtensibilityGlobals) = postSolution
		SolutionGuid = {7B79E244-ED98-4357-89F3-0E9586941E8B}
	EndGlobalSection
EndGlobal
